
Microsoft Visual Studio Solution File, Format Version 12.00
# Visual Studio Version 17
VisualStudioVersion = 17.0.31903.59
MinimumVisualStudioVersion = 10.0.40219.1
Project("{FAE04EC0-301F-11D3-BF4B-00C04F79EFBC}") = "ProductPromotionApi.Core", "ProductPromotionApi.Core\ProductPromotionApi.Core.csproj", "{8D207EB1-5E03-4C18-8270-6697DDBB1DB9}"
EndProject
Project("{FAE04EC0-301F-11D3-BF4B-00C04F79EFBC}") = "ProductPromotionApi.Application", "ProductPromotionApi.Application\ProductPromotionApi.Application.csproj", "{FBF088DC-76D3-4650-8C2E-F4E7BC76E7B5}"
EndProject
Project("{FAE04EC0-301F-11D3-BF4B-00C04F79EFBC}") = "ProductPromotionApi.Infrastructure", "ProductPromotionApi.Infrastructure\ProductPromotionApi.Infrastructure.csproj", "{C6E69710-52E4-4D10-9557-5970D212A9B5}"
EndProject
Project("{FAE04EC0-301F-11D3-BF4B-00C04F79EFBC}") = "ProductPromotionApi.Api", "ProductPromotionApi.Api\ProductPromotionApi.Api.csproj", "{2BDC8B2A-EF5A-4A88-AF8C-A147B33438EF}"
EndProject
Project("{FAE04EC0-301F-11D3-BF4B-00C04F79EFBC}") = "ProductPromotionAPI.Tests", "ProductPromotionAPI.Tests\ProductPromotionAPI.Tests.csproj", "{31EA2105-C541-44AF-BEF3-DC7EE40A2F9F}"
EndProject
Global
	GlobalSection(SolutionConfigurationPlatforms) = preSolution
		Debug|Any CPU = Debug|Any CPU
		Release|Any CPU = Release|Any CPU
	EndGlobalSection
	GlobalSection(ProjectConfigurationPlatforms) = postSolution
		{8D207EB1-5E03-4C18-8270-6697DDBB1DB9}.Debug|Any CPU.ActiveCfg = Debug|Any CPU
		{8D207EB1-5E03-4C18-8270-6697DDBB1DB9}.Debug|Any CPU.Build.0 = Debug|Any CPU
		{8D207EB1-5E03-4C18-8270-6697DDBB1DB9}.Release|Any CPU.ActiveCfg = Release|Any CPU
		{8D207EB1-5E03-4C18-8270-6697DDBB1DB9}.Release|Any CPU.Build.0 = Release|Any CPU
		{FBF088DC-76D3-4650-8C2E-F4E7BC76E7B5}.Debug|Any CPU.ActiveCfg = Debug|Any CPU
		{FBF088DC-76D3-4650-8C2E-F4E7BC76E7B5}.Debug|Any CPU.Build.0 = Debug|Any CPU
		{FBF088DC-76D3-4650-8C2E-F4E7BC76E7B5}.Release|Any CPU.ActiveCfg = Release|Any CPU
		{FBF088DC-76D3-4650-8C2E-F4E7BC76E7B5}.Release|Any CPU.Build.0 = Release|Any CPU
		{C6E69710-52E4-4D10-9557-5970D212A9B5}.Debug|Any CPU.ActiveCfg = Debug|Any CPU
		{C6E69710-52E4-4D10-9557-5970D212A9B5}.Debug|Any CPU.Build.0 = Debug|Any CPU
		{C6E69710-52E4-4D10-9557-5970D212A9B5}.Release|Any CPU.ActiveCfg = Release|Any CPU
		{C6E69710-52E4-4D10-9557-5970D212A9B5}.Release|Any CPU.Build.0 = Release|Any CPU
		{2BDC8B2A-EF5A-4A88-AF8C-A147B33438EF}.Debug|Any CPU.ActiveCfg = Debug|Any CPU
		{2BDC8B2A-EF5A-4A88-AF8C-A147B33438EF}.Debug|Any CPU.Build.0 = Debug|Any CPU
		{2BDC8B2A-EF5A-4A88-AF8C-A147B33438EF}.Release|Any CPU.ActiveCfg = Release|Any CPU
		{2BDC8B2A-EF5A-4A88-AF8C-A147B33438EF}.Release|Any CPU.Build.0 = Release|Any CPU
		{31EA2105-C541-44AF-BEF3-DC7EE40A2F9F}.Debug|Any CPU.ActiveCfg = Debug|Any CPU
		{31EA2105-C541-44AF-BEF3-DC7EE40A2F9F}.Debug|Any CPU.Build.0 = Debug|Any CPU
		{31EA2105-C541-44AF-BEF3-DC7EE40A2F9F}.Release|Any CPU.ActiveCfg = Release|Any CPU
		{31EA2105-C541-44AF-BEF3-DC7EE40A2F9F}.Release|Any CPU.Build.0 = Release|Any CPU
	EndGlobalSection
	GlobalSection(SolutionProperties) = preSolution
		HideSolutionNode = FALSE
	EndGlobalSection
EndGlobal
